
Microsoft Visual Studio Solution File, Format Version 12.00
# Visual Studio Version 17
VisualStudioVersion = 17.13.35828.75 d17.13
MinimumVisualStudioVersion = 10.0.40219.1
Project("{FAE04EC0-301F-11D3-BF4B-00C04F79EFBC}") = "FloteAuto", "FloteAuto\FloteAuto.csproj", "{CAB20062-59C6-445B-A429-5A89E4D16C5D}"
EndProject
Global
	GlobalSection(SolutionConfigurationPlatforms) = preSolution
		Debug|Any CPU = Debug|Any CPU
		Release|Any CPU = Release|Any CPU
	EndGlobalSection
	GlobalSection(ProjectConfigurationPlatforms) = postSolution
		{CAB20062-59C6-445B-A429-5A89E4D16C5D}.Debug|Any CPU.ActiveCfg = Debug|Any CPU
		{CAB20062-59C6-445B-A429-5A89E4D16C5D}.Debug|Any CPU.Build.0 = Debug|Any CPU
		{CAB20062-59C6-445B-A429-5A89E4D16C5D}.Release|Any CPU.ActiveCfg = Release|Any CPU
		{CAB20062-59C6-445B-A429-5A89E4D16C5D}.Release|Any CPU.Build.0 = Release|Any CPU
	EndGlobalSection
	GlobalSection(SolutionProperties) = preSolution
		HideSolutionNode = FALSE
	EndGlobalSection
	GlobalSection(ExtensibilityGlobals) = postSolution
		SolutionGuid = {EEA851C9-278F-42D8-A3E8-9E636CAC5826}
	EndGlobalSection
EndGlobal
